// !$*UTF8*$!
{
	archiveVersion = 1;
	classes = {
	};
	objectVersion = 55;
	objects = {

/* Begin PBXBuildFile section */
		8997341A518A6B017B567F9C /* Pods_Movies_App.framework in Frameworks */ = {isa = PBXBuildFile; fileRef = 875472FB942E20B3BDB96FC9 /* Pods_Movies_App.framework */; };
		8C1229A528AD04F200A63D92 /* Podfile in Resources */ = {isa = PBXBuildFile; fileRef = 8C1229A428AD04F200A63D92 /* Podfile */; };
		8C86AC2A28ACD94500873CAC /* AppDelegate.swift in Sources */ = {isa = PBXBuildFile; fileRef = 8C86AC2928ACD94500873CAC /* AppDelegate.swift */; };
		8C86AC2C28ACD94500873CAC /* SceneDelegate.swift in Sources */ = {isa = PBXBuildFile; fileRef = 8C86AC2B28ACD94500873CAC /* SceneDelegate.swift */; };
		8C86AC3328ACD94500873CAC /* Assets.xcassets in Resources */ = {isa = PBXBuildFile; fileRef = 8C86AC3228ACD94500873CAC /* Assets.xcassets */; };
		8C86AC3628ACD94500873CAC /* LaunchScreen.storyboard in Resources */ = {isa = PBXBuildFile; fileRef = 8C86AC3428ACD94500873CAC /* LaunchScreen.storyboard */; };
		8C86AC4328ACDB9600873CAC /* MovieHomeController.swift in Sources */ = {isa = PBXBuildFile; fileRef = 8C86AC4228ACDB9600873CAC /* MovieHomeController.swift */; };
		8C86AC5228ACE04B00873CAC /* MovieDBModel.swift in Sources */ = {isa = PBXBuildFile; fileRef = 8C86AC5128ACE04B00873CAC /* MovieDBModel.swift */; };
/* End PBXBuildFile section */

/* Begin PBXFileReference section */
		19344527FB4D61C5D13CE877 /* Pods-Movies App.debug.xcconfig */ = {isa = PBXFileReference; includeInIndex = 1; lastKnownFileType = text.xcconfig; name = "Pods-Movies App.debug.xcconfig"; path = "Target Support Files/Pods-Movies App/Pods-Movies App.debug.xcconfig"; sourceTree = "<group>"; };
		875472FB942E20B3BDB96FC9 /* Pods_Movies_App.framework */ = {isa = PBXFileReference; explicitFileType = wrapper.framework; includeInIndex = 0; path = Pods_Movies_App.framework; sourceTree = BUILT_PRODUCTS_DIR; };
		8C1229A428AD04F200A63D92 /* Podfile */ = {isa = PBXFileReference; fileEncoding = 4; lastKnownFileType = text; path = Podfile; sourceTree = "<group>"; xcLanguageSpecificationIdentifier = xcode.lang.ruby; };
		8C86AC2628ACD94500873CAC /* Movies App.app */ = {isa = PBXFileReference; explicitFileType = wrapper.application; includeInIndex = 0; path = "Movies App.app"; sourceTree = BUILT_PRODUCTS_DIR; };
		8C86AC2928ACD94500873CAC /* AppDelegate.swift */ = {isa = PBXFileReference; lastKnownFileType = sourcecode.swift; path = AppDelegate.swift; sourceTree = "<group>"; };
		8C86AC2B28ACD94500873CAC /* SceneDelegate.swift */ = {isa = PBXFileReference; lastKnownFileType = sourcecode.swift; path = SceneDelegate.swift; sourceTree = "<group>"; };
		8C86AC3228ACD94500873CAC /* Assets.xcassets */ = {isa = PBXFileReference; lastKnownFileType = folder.assetcatalog; path = Assets.xcassets; sourceTree = "<group>"; };
		8C86AC3528ACD94500873CAC /* Base */ = {isa = PBXFileReference; lastKnownFileType = file.storyboard; name = Base; path = Base.lproj/LaunchScreen.storyboard; sourceTree = "<group>"; };
		8C86AC3728ACD94500873CAC /* Info.plist */ = {isa = PBXFileReference; lastKnownFileType = text.plist.xml; path = Info.plist; sourceTree = "<group>"; };
		8C86AC4228ACDB9600873CAC /* MovieHomeController.swift */ = {isa = PBXFileReference; lastKnownFileType = sourcecode.swift; path = MovieHomeController.swift; sourceTree = "<group>"; };
		8C86AC5128ACE04B00873CAC /* MovieDBModel.swift */ = {isa = PBXFileReference; lastKnownFileType = sourcecode.swift; path = MovieDBModel.swift; sourceTree = "<group>"; };
		A6CDA0C1BCCDC73E6ABBAC15 /* Pods-Movies App.release.xcconfig */ = {isa = PBXFileReference; includeInIndex = 1; lastKnownFileType = text.xcconfig; name = "Pods-Movies App.release.xcconfig"; path = "Target Support Files/Pods-Movies App/Pods-Movies App.release.xcconfig"; sourceTree = "<group>"; };
/* End PBXFileReference section */

/* Begin PBXFrameworksBuildPhase section */
		8C86AC2328ACD94500873CAC /* Frameworks */ = {
			isa = PBXFrameworksBuildPhase;
			buildActionMask = 2147483647;
			files = (
				8997341A518A6B017B567F9C /* Pods_Movies_App.framework in Frameworks */,
			);
			runOnlyForDeploymentPostprocessing = 0;
		};
/* End PBXFrameworksBuildPhase section */

/* Begin PBXGroup section */
		323D7CC499A4C61991967DA5 /* Pods */ = {
			isa = PBXGroup;
			children = (
				19344527FB4D61C5D13CE877 /* Pods-Movies App.debug.xcconfig */,
				A6CDA0C1BCCDC73E6ABBAC15 /* Pods-Movies App.release.xcconfig */,
			);
			path = Pods;
			sourceTree = "<group>";
		};
		8C86AC1D28ACD94500873CAC = {
			isa = PBXGroup;
			children = (
				8C1229A428AD04F200A63D92 /* Podfile */,
				8C86AC2828ACD94500873CAC /* Movies App */,
				8C86AC2728ACD94500873CAC /* Products */,
				323D7CC499A4C61991967DA5 /* Pods */,
				CBFBF401F09C03836CA931D9 /* Frameworks */,
			);
			sourceTree = "<group>";
		};
		8C86AC2728ACD94500873CAC /* Products */ = {
			isa = PBXGroup;
			children = (
				8C86AC2628ACD94500873CAC /* Movies App.app */,
			);
			name = Products;
			sourceTree = "<group>";
		};
		8C86AC2828ACD94500873CAC /* Movies App */ = {
			isa = PBXGroup;
			children = (
				8C86AC4728ACDD2C00873CAC /* Model */,
				8C86AC4428ACDCF200873CAC /* Service */,
				8C86AC4128ACDA1000873CAC /* Resources */,
				8C86AC3E28ACD9EE00873CAC /* Scene */,
				8C86AC3D28ACD9C100873CAC /* App */,
				8C86AC3728ACD94500873CAC /* Info.plist */,
			);
			path = "Movies App";
			sourceTree = "<group>";
		};
		8C86AC3D28ACD9C100873CAC /* App */ = {
			isa = PBXGroup;
			children = (
				8C86AC2B28ACD94500873CAC /* SceneDelegate.swift */,
				8C86AC2928ACD94500873CAC /* AppDelegate.swift */,
			);
			path = App;
			sourceTree = "<group>";
		};
		8C86AC3E28ACD9EE00873CAC /* Scene */ = {
			isa = PBXGroup;
			children = (
				8C86AC4028ACD9FE00873CAC /* Detail */,
				8C86AC3F28ACD9F600873CAC /* Home */,
			);
			path = Scene;
			sourceTree = "<group>";
		};
		8C86AC3F28ACD9F600873CAC /* Home */ = {
			isa = PBXGroup;
			children = (
				8C86AC4228ACDB9600873CAC /* MovieHomeController.swift */,
			);
			path = Home;
			sourceTree = "<group>";
		};
		8C86AC4028ACD9FE00873CAC /* Detail */ = {
			isa = PBXGroup;
			children = (
			);
			path = Detail;
			sourceTree = "<group>";
		};
		8C86AC4128ACDA1000873CAC /* Resources */ = {
			isa = PBXGroup;
			children = (
				8C86AC3428ACD94500873CAC /* LaunchScreen.storyboard */,
				8C86AC3228ACD94500873CAC /* Assets.xcassets */,
			);
			path = Resources;
			sourceTree = "<group>";
		};
		8C86AC4428ACDCF200873CAC /* Service */ = {
			isa = PBXGroup;
			children = (
				8C86AC4628ACDD1200873CAC /* Service Manager */,
				8C86AC4528ACDD0900873CAC /* WebService */,
			);
			path = Service;
			sourceTree = "<group>";
		};
		8C86AC4528ACDD0900873CAC /* WebService */ = {
			isa = PBXGroup;
			children = (
			);
			path = WebService;
			sourceTree = "<group>";
		};
		8C86AC4628ACDD1200873CAC /* Service Manager */ = {
			isa = PBXGroup;
			children = (
			);
			path = "Service Manager";
			sourceTree = "<group>";
		};
		8C86AC4728ACDD2C00873CAC /* Model */ = {
			isa = PBXGroup;
			children = (
				8C86AC5128ACE04B00873CAC /* MovieDBModel.swift */,
			);
			path = Model;
			sourceTree = "<group>";
		};
		CBFBF401F09C03836CA931D9 /* Frameworks */ = {
			isa = PBXGroup;
			children = (
				875472FB942E20B3BDB96FC9 /* Pods_Movies_App.framework */,
			);
			name = Frameworks;
			sourceTree = "<group>";
		};
/* End PBXGroup section */

/* Begin PBXNativeTarget section */
		8C86AC2528ACD94500873CAC /* Movies App */ = {
			isa = PBXNativeTarget;
			buildConfigurationList = 8C86AC3A28ACD94500873CAC /* Build configuration list for PBXNativeTarget "Movies App" */;
			buildPhases = (
				00A87E09EBE36DE66B0EB0AC /* [CP] Check Pods Manifest.lock */,
				8C86AC2228ACD94500873CAC /* Sources */,
				8C86AC2328ACD94500873CAC /* Frameworks */,
				8C86AC2428ACD94500873CAC /* Resources */,
				D50224379120176F617BB154 /* [CP] Embed Pods Frameworks */,
			);
			buildRules = (
			);
			dependencies = (
			);
			name = "Movies App";
			productName = "Movies App";
			productReference = 8C86AC2628ACD94500873CAC /* Movies App.app */;
			productType = "com.apple.product-type.application";
		};
/* End PBXNativeTarget section */

/* Begin PBXProject section */
		8C86AC1E28ACD94500873CAC /* Project object */ = {
			isa = PBXProject;
			attributes = {
				BuildIndependentTargetsInParallel = 1;
				LastSwiftUpdateCheck = 1340;
				LastUpgradeCheck = 1340;
				TargetAttributes = {
					8C86AC2528ACD94500873CAC = {
						CreatedOnToolsVersion = 13.4.1;
					};
				};
			};
			buildConfigurationList = 8C86AC2128ACD94500873CAC /* Build configuration list for PBXProject "Movies App" */;
			compatibilityVersion = "Xcode 13.0";
			developmentRegion = en;
			hasScannedForEncodings = 0;
			knownRegions = (
				en,
				Base,
			);
			mainGroup = 8C86AC1D28ACD94500873CAC;
			productRefGroup = 8C86AC2728ACD94500873CAC /* Products */;
			projectDirPath = "";
			projectRoot = "";
			targets = (
				8C86AC2528ACD94500873CAC /* Movies App */,
			);
		};
/* End PBXProject section */

/* Begin PBXResourcesBuildPhase section */
		8C86AC2428ACD94500873CAC /* Resources */ = {
			isa = PBXResourcesBuildPhase;
			buildActionMask = 2147483647;
			files = (
				8C1229A528AD04F200A63D92 /* Podfile in Resources */,
				8C86AC3628ACD94500873CAC /* LaunchScreen.storyboard in Resources */,
				8C86AC3328ACD94500873CAC /* Assets.xcassets in Resources */,
			);
			runOnlyForDeploymentPostprocessing = 0;
		};
/* End PBXResourcesBuildPhase section */

/* Begin PBXShellScriptBuildPhase section */
		00A87E09EBE36DE66B0EB0AC /* [CP] Check Pods Manifest.lock */ = {
			isa = PBXShellScriptBuildPhase;
			buildActionMask = 2147483647;
			files = (
			);
			inputFileListPaths = (
			);
			inputPaths = (
				"${PODS_PODFILE_DIR_PATH}/Podfile.lock",
				"${PODS_ROOT}/Manifest.lock",
			);
			name = "[CP] Check Pods Manifest.lock";
			outputFileListPaths = (
			);
			outputPaths = (
				"$(DERIVED_FILE_DIR)/Pods-Movies App-checkManifestLockResult.txt",
			);
			runOnlyForDeploymentPostprocessing = 0;
			shellPath = /bin/sh;
			shellScript = "diff \"${PODS_PODFILE_DIR_PATH}/Podfile.lock\" \"${PODS_ROOT}/Manifest.lock\" > /dev/null\nif [ $? != 0 ] ; then\n    # print error to STDERR\n    echo \"error: The sandbox is not in sync with the Podfile.lock. Run 'pod install' or update your CocoaPods installation.\" >&2\n    exit 1\nfi\n# This output is used by Xcode 'outputs' to avoid re-running this script phase.\necho \"SUCCESS\" > \"${SCRIPT_OUTPUT_FILE_0}\"\n";
			showEnvVarsInLog = 0;
		};
		D50224379120176F617BB154 /* [CP] Embed Pods Frameworks */ = {
			isa = PBXShellScriptBuildPhase;
			buildActionMask = 2147483647;
			files = (
			);
			inputFileListPaths = (
				"${PODS_ROOT}/Target Support Files/Pods-Movies App/Pods-Movies App-frameworks-${CONFIGURATION}-input-files.xcfilelist",
			);
			name = "[CP] Embed Pods Frameworks";
			outputFileListPaths = (
				"${PODS_ROOT}/Target Support Files/Pods-Movies App/Pods-Movies App-frameworks-${CONFIGURATION}-output-files.xcfilelist",
			);
			runOnlyForDeploymentPostprocessing = 0;
			shellPath = /bin/sh;
			shellScript = "\"${PODS_ROOT}/Target Support Files/Pods-Movies App/Pods-Movies App-frameworks.sh\"\n";
			showEnvVarsInLog = 0;
		};
/* End PBXShellScriptBuildPhase section */

/* Begin PBXSourcesBuildPhase section */
		8C86AC2228ACD94500873CAC /* Sources */ = {
			isa = PBXSourcesBuildPhase;
			buildActionMask = 2147483647;
			files = (
				8C86AC5228ACE04B00873CAC /* MovieDBModel.swift in Sources */,
				8C86AC4328ACDB9600873CAC /* MovieHomeController.swift in Sources */,
				8C86AC2A28ACD94500873CAC /* AppDelegate.swift in Sources */,
				8C86AC2C28ACD94500873CAC /* SceneDelegate.swift in Sources */,
			);
			runOnlyForDeploymentPostprocessing = 0;
		};
/* End PBXSourcesBuildPhase section */

/* Begin PBXVariantGroup section */
		8C86AC3428ACD94500873CAC /* LaunchScreen.storyboard */ = {
			isa = PBXVariantGroup;
			children = (
				8C86AC3528ACD94500873CAC /* Base */,
			);
			name = LaunchScreen.storyboard;
			sourceTree = "<group>";
		};
/* End PBXVariantGroup section */

/* Begin XCBuildConfiguration section */
		8C86AC3828ACD94500873CAC /* Debug */ = {
			isa = XCBuildConfiguration;
			buildSettings = {
				ALWAYS_SEARCH_USER_PATHS = NO;
				CLANG_ANALYZER_NONNULL = YES;
				CLANG_ANALYZER_NUMBER_OBJECT_CONVERSION = YES_AGGRESSIVE;
				CLANG_CXX_LANGUAGE_STANDARD = "gnu++17";
				CLANG_ENABLE_MODULES = YES;
				CLANG_ENABLE_OBJC_ARC = YES;
				CLANG_ENABLE_OBJC_WEAK = YES;
				CLANG_WARN_BLOCK_CAPTURE_AUTORELEASING = YES;
				CLANG_WARN_BOOL_CONVERSION = YES;
				CLANG_WARN_COMMA = YES;
				CLANG_WARN_CONSTANT_CONVERSION = YES;
				CLANG_WARN_DEPRECATED_OBJC_IMPLEMENTATIONS = YES;
				CLANG_WARN_DIRECT_OBJC_ISA_USAGE = YES_ERROR;
				CLANG_WARN_DOCUMENTATION_COMMENTS = YES;
				CLANG_WARN_EMPTY_BODY = YES;
				CLANG_WARN_ENUM_CONVERSION = YES;
				CLANG_WARN_INFINITE_RECURSION = YES;
				CLANG_WARN_INT_CONVERSION = YES;
				CLANG_WARN_NON_LITERAL_NULL_CONVERSION = YES;
				CLANG_WARN_OBJC_IMPLICIT_RETAIN_SELF = YES;
				CLANG_WARN_OBJC_LITERAL_CONVERSION = YES;
				CLANG_WARN_OBJC_ROOT_CLASS = YES_ERROR;
				CLANG_WARN_QUOTED_INCLUDE_IN_FRAMEWORK_HEADER = YES;
				CLANG_WARN_RANGE_LOOP_ANALYSIS = YES;
				CLANG_WARN_STRICT_PROTOTYPES = YES;
				CLANG_WARN_SUSPICIOUS_MOVE = YES;
				CLANG_WARN_UNGUARDED_AVAILABILITY = YES_AGGRESSIVE;
				CLANG_WARN_UNREACHABLE_CODE = YES;
				CLANG_WARN__DUPLICATE_METHOD_MATCH = YES;
				COPY_PHASE_STRIP = NO;
				DEBUG_INFORMATION_FORMAT = dwarf;
				ENABLE_STRICT_OBJC_MSGSEND = YES;
				ENABLE_TESTABILITY = YES;
				GCC_C_LANGUAGE_STANDARD = gnu11;
				GCC_DYNAMIC_NO_PIC = NO;
				GCC_NO_COMMON_BLOCKS = YES;
				GCC_OPTIMIZATION_LEVEL = 0;
				GCC_PREPROCESSOR_DEFINITIONS = (
					"DEBUG=1",
					"$(inherited)",
				);
				GCC_WARN_64_TO_32_BIT_CONVERSION = YES;
				GCC_WARN_ABOUT_RETURN_TYPE = YES_ERROR;
				GCC_WARN_UNDECLARED_SELECTOR = YES;
				GCC_WARN_UNINITIALIZED_AUTOS = YES_AGGRESSIVE;
				GCC_WARN_UNUSED_FUNCTION = YES;
				GCC_WARN_UNUSED_VARIABLE = YES;
				IPHONEOS_DEPLOYMENT_TARGET = 15.5;
				MTL_ENABLE_DEBUG_INFO = INCLUDE_SOURCE;
				MTL_FAST_MATH = YES;
				ONLY_ACTIVE_ARCH = YES;
				SDKROOT = iphoneos;
				SWIFT_ACTIVE_COMPILATION_CONDITIONS = DEBUG;
				SWIFT_OPTIMIZATION_LEVEL = "-Onone";
			};
			name = Debug;
		};
		8C86AC3928ACD94500873CAC /* Release */ = {
			isa = XCBuildConfiguration;
			buildSettings = {
				ALWAYS_SEARCH_USER_PATHS = NO;
				CLANG_ANALYZER_NONNULL = YES;
				CLANG_ANALYZER_NUMBER_OBJECT_CONVERSION = YES_AGGRESSIVE;
				CLANG_CXX_LANGUAGE_STANDARD = "gnu++17";
				CLANG_ENABLE_MODULES = YES;
				CLANG_ENABLE_OBJC_ARC = YES;
				CLANG_ENABLE_OBJC_WEAK = YES;
				CLANG_WARN_BLOCK_CAPTURE_AUTORELEASING = YES;
				CLANG_WARN_BOOL_CONVERSION = YES;
				CLANG_WARN_COMMA = YES;
				CLANG_WARN_CONSTANT_CONVERSION = YES;
				CLANG_WARN_DEPRECATED_OBJC_IMPLEMENTATIONS = YES;
				CLANG_WARN_DIRECT_OBJC_ISA_USAGE = YES_ERROR;
				CLANG_WARN_DOCUMENTATION_COMMENTS = YES;
				CLANG_WARN_EMPTY_BODY = YES;
				CLANG_WARN_ENUM_CONVERSION = YES;
				CLANG_WARN_INFINITE_RECURSION = YES;
				CLANG_WARN_INT_CONVERSION = YES;
				CLANG_WARN_NON_LITERAL_NULL_CONVERSION = YES;
				CLANG_WARN_OBJC_IMPLICIT_RETAIN_SELF = YES;
				CLANG_WARN_OBJC_LITERAL_CONVERSION = YES;
				CLANG_WARN_OBJC_ROOT_CLASS = YES_ERROR;
				CLANG_WARN_QUOTED_INCLUDE_IN_FRAMEWORK_HEADER = YES;
				CLANG_WARN_RANGE_LOOP_ANALYSIS = YES;
				CLANG_WARN_STRICT_PROTOTYPES = YES;
				CLANG_WARN_SUSPICIOUS_MOVE = YES;
				CLANG_WARN_UNGUARDED_AVAILABILITY = YES_AGGRESSIVE;
				CLANG_WARN_UNREACHABLE_CODE = YES;
				CLANG_WARN__DUPLICATE_METHOD_MATCH = YES;
				COPY_PHASE_STRIP = NO;
				DEBUG_INFORMATION_FORMAT = "dwarf-with-dsym";
				ENABLE_NS_ASSERTIONS = NO;
				ENABLE_STRICT_OBJC_MSGSEND = YES;
				GCC_C_LANGUAGE_STANDARD = gnu11;
				GCC_NO_COMMON_BLOCKS = YES;
				GCC_WARN_64_TO_32_BIT_CONVERSION = YES;
				GCC_WARN_ABOUT_RETURN_TYPE = YES_ERROR;
				GCC_WARN_UNDECLARED_SELECTOR = YES;
				GCC_WARN_UNINITIALIZED_AUTOS = YES_AGGRESSIVE;
				GCC_WARN_UNUSED_FUNCTION = YES;
				GCC_WARN_UNUSED_VARIABLE = YES;
				IPHONEOS_DEPLOYMENT_TARGET = 15.5;
				MTL_ENABLE_DEBUG_INFO = NO;
				MTL_FAST_MATH = YES;
				SDKROOT = iphoneos;
				SWIFT_COMPILATION_MODE = wholemodule;
				SWIFT_OPTIMIZATION_LEVEL = "-O";
				VALIDATE_PRODUCT = YES;
			};
			name = Release;
		};
		8C86AC3B28ACD94500873CAC /* Debug */ = {
			isa = XCBuildConfiguration;
			baseConfigurationReference = 19344527FB4D61C5D13CE877 /* Pods-Movies App.debug.xcconfig */;
			buildSettings = {
				ASSETCATALOG_COMPILER_APPICON_NAME = AppIcon;
				ASSETCATALOG_COMPILER_GLOBAL_ACCENT_COLOR_NAME = AccentColor;
				CODE_SIGN_STYLE = Automatic;
				CURRENT_PROJECT_VERSION = 1;
				GENERATE_INFOPLIST_FILE = YES;
				INFOPLIST_FILE = "Movies App/Info.plist";
				INFOPLIST_KEY_UIApplicationSupportsIndirectInputEvents = YES;
				INFOPLIST_KEY_UILaunchStoryboardName = LaunchScreen;
				INFOPLIST_KEY_UISupportedInterfaceOrientations_iPad = "UIInterfaceOrientationPortrait UIInterfaceOrientationPortraitUpsideDown UIInterfaceOrientationLandscapeLeft UIInterfaceOrientationLandscapeRight";
				INFOPLIST_KEY_UISupportedInterfaceOrientations_iPhone = "UIInterfaceOrientationPortrait UIInterfaceOrientationLandscapeLeft UIInterfaceOrientationLandscapeRight";
				IPHONEOS_DEPLOYMENT_TARGET = 13.0;
				LD_RUNPATH_SEARCH_PATHS = (
					"$(inherited)",
					"@executable_path/Frameworks",
				);
				MARKETING_VERSION = 1.0.1;
				PRODUCT_BUNDLE_IDENTIFIER = "by-knturn.Movies-App";
				PRODUCT_NAME = "$(TARGET_NAME)";
				SWIFT_EMIT_LOC_STRINGS = YES;
				SWIFT_VERSION = 5.0;
				TARGETED_DEVICE_FAMILY = 1;
			};
			name = Debug;
		};
		8C86AC3C28ACD94500873CAC /* Release */ = {
			isa = XCBuildConfiguration;
			baseConfigurationReference = A6CDA0C1BCCDC73E6ABBAC15 /* Pods-Movies App.release.xcconfig */;
			buildSettings = {
				ASSETCATALOG_COMPILER_APPICON_NAME = AppIcon;
				ASSETCATALOG_COMPILER_GLOBAL_ACCENT_COLOR_NAME = AccentColor;
				CODE_SIGN_STYLE = Automatic;
				CURRENT_PROJECT_VERSION = 1;
				GENERATE_INFOPLIST_FILE = YES;
				INFOPLIST_FILE = "Movies App/Info.plist";
				INFOPLIST_KEY_UIApplicationSupportsIndirectInputEvents = YES;
				INFOPLIST_KEY_UILaunchStoryboardName = LaunchScreen;
				INFOPLIST_KEY_UISupportedInterfaceOrientations_iPad = "UIInterfaceOrientationPortrait UIInterfaceOrientationPortraitUpsideDown UIInterfaceOrientationLandscapeLeft UIInterfaceOrientationLandscapeRight";
				INFOPLIST_KEY_UISupportedInterfaceOrientations_iPhone = "UIInterfaceOrientationPortrait UIInterfaceOrientationLandscapeLeft UIInterfaceOrientationLandscapeRight";
				IPHONEOS_DEPLOYMENT_TARGET = 13.0;
				LD_RUNPATH_SEARCH_PATHS = (
					"$(inherited)",
					"@executable_path/Frameworks",
				);
				MARKETING_VERSION = 1.0.1;
				PRODUCT_BUNDLE_IDENTIFIER = "by-knturn.Movies-App";
				PRODUCT_NAME = "$(TARGET_NAME)";
				SWIFT_EMIT_LOC_STRINGS = YES;
				SWIFT_VERSION = 5.0;
				TARGETED_DEVICE_FAMILY = 1;
			};
			name = Release;
		};
/* End XCBuildConfiguration section */

/* Begin XCConfigurationList section */
		8C86AC2128ACD94500873CAC /* Build configuration list for PBXProject "Movies App" */ = {
			isa = XCConfigurationList;
			buildConfigurations = (
				8C86AC3828ACD94500873CAC /* Debug */,
				8C86AC3928ACD94500873CAC /* Release */,
			);
			defaultConfigurationIsVisible = 0;
			defaultConfigurationName = Release;
		};
		8C86AC3A28ACD94500873CAC /* Build configuration list for PBXNativeTarget "Movies App" */ = {
			isa = XCConfigurationList;
			buildConfigurations = (
				8C86AC3B28ACD94500873CAC /* Debug */,
				8C86AC3C28ACD94500873CAC /* Release */,
			);
			defaultConfigurationIsVisible = 0;
			defaultConfigurationName = Release;
		};
/* End XCConfigurationList section */
	};
	rootObject = 8C86AC1E28ACD94500873CAC /* Project object */;
}
